// !$*UTF8*$!
{
	archiveVersion = 1;
	classes = {
	};
	objectVersion = 55;
	objects = {

/* Begin PBXBuildFile section */
		649EAA7F2852BCE6002353AA /* TaxesCalculator.swift in Sources */ = {isa = PBXBuildFile; fileRef = 649EAA7E2852BCE6002353AA /* TaxesCalculator.swift */; };
		649EAA812852BF45002353AA /* UIViewController+TaxesCalculator.swift in Sources */ = {isa = PBXBuildFile; fileRef = 649EAA802852BF45002353AA /* UIViewController+TaxesCalculator.swift */; };
		64B8FC1B2846BF300059283C /* AppDelegate.swift in Sources */ = {isa = PBXBuildFile; fileRef = 64B8FC1A2846BF300059283C /* AppDelegate.swift */; };
		64B8FC1D2846BF300059283C /* SceneDelegate.swift in Sources */ = {isa = PBXBuildFile; fileRef = 64B8FC1C2846BF300059283C /* SceneDelegate.swift */; };
		64B8FC1F2846BF300059283C /* ShoppingViewController.swift in Sources */ = {isa = PBXBuildFile; fileRef = 64B8FC1E2846BF300059283C /* ShoppingViewController.swift */; };
		64B8FC222846BF300059283C /* Main.storyboard in Resources */ = {isa = PBXBuildFile; fileRef = 64B8FC202846BF300059283C /* Main.storyboard */; };
		64B8FC242846BF320059283C /* Assets.xcassets in Resources */ = {isa = PBXBuildFile; fileRef = 64B8FC232846BF320059283C /* Assets.xcassets */; };
		64B8FC272846BF320059283C /* LaunchScreen.storyboard in Resources */ = {isa = PBXBuildFile; fileRef = 64B8FC252846BF320059283C /* LaunchScreen.storyboard */; };
		64B8FC2F2846EFA50059283C /* SettingsViewController.swift in Sources */ = {isa = PBXBuildFile; fileRef = 64B8FC2E2846EFA50059283C /* SettingsViewController.swift */; };
		64B8FC312846EFBA0059283C /* TaxesViewController.swift in Sources */ = {isa = PBXBuildFile; fileRef = 64B8FC302846EFBA0059283C /* TaxesViewController.swift */; };
/* End PBXBuildFile section */

/* Begin PBXFileReference section */
		649EAA7E2852BCE6002353AA /* TaxesCalculator.swift */ = {isa = PBXFileReference; lastKnownFileType = sourcecode.swift; path = TaxesCalculator.swift; sourceTree = "<group>"; };
		649EAA802852BF45002353AA /* UIViewController+TaxesCalculator.swift */ = {isa = PBXFileReference; lastKnownFileType = sourcecode.swift; path = "UIViewController+TaxesCalculator.swift"; sourceTree = "<group>"; };
		64B8FC172846BF300059283C /* Compras.app */ = {isa = PBXFileReference; explicitFileType = wrapper.application; includeInIndex = 0; path = Compras.app; sourceTree = BUILT_PRODUCTS_DIR; };
		64B8FC1A2846BF300059283C /* AppDelegate.swift */ = {isa = PBXFileReference; lastKnownFileType = sourcecode.swift; path = AppDelegate.swift; sourceTree = "<group>"; };
		64B8FC1C2846BF300059283C /* SceneDelegate.swift */ = {isa = PBXFileReference; lastKnownFileType = sourcecode.swift; path = SceneDelegate.swift; sourceTree = "<group>"; };
		64B8FC1E2846BF300059283C /* ShoppingViewController.swift */ = {isa = PBXFileReference; lastKnownFileType = sourcecode.swift; path = ShoppingViewController.swift; sourceTree = "<group>"; };
		64B8FC212846BF300059283C /* Base */ = {isa = PBXFileReference; lastKnownFileType = file.storyboard; name = Base; path = Base.lproj/Main.storyboard; sourceTree = "<group>"; };
		64B8FC232846BF320059283C /* Assets.xcassets */ = {isa = PBXFileReference; lastKnownFileType = folder.assetcatalog; path = Assets.xcassets; sourceTree = "<group>"; };
		64B8FC262846BF320059283C /* Base */ = {isa = PBXFileReference; lastKnownFileType = file.storyboard; name = Base; path = Base.lproj/LaunchScreen.storyboard; sourceTree = "<group>"; };
		64B8FC282846BF320059283C /* Info.plist */ = {isa = PBXFileReference; lastKnownFileType = text.plist.xml; path = Info.plist; sourceTree = "<group>"; };
		64B8FC2E2846EFA50059283C /* SettingsViewController.swift */ = {isa = PBXFileReference; lastKnownFileType = sourcecode.swift; path = SettingsViewController.swift; sourceTree = "<group>"; };
		64B8FC302846EFBA0059283C /* TaxesViewController.swift */ = {isa = PBXFileReference; lastKnownFileType = sourcecode.swift; path = TaxesViewController.swift; sourceTree = "<group>"; };
/* End PBXFileReference section */

/* Begin PBXFrameworksBuildPhase section */
		64B8FC142846BF300059283C /* Frameworks */ = {
			isa = PBXFrameworksBuildPhase;
			buildActionMask = 2147483647;
			files = (
			);
			runOnlyForDeploymentPostprocessing = 0;
		};
/* End PBXFrameworksBuildPhase section */

/* Begin PBXGroup section */
		64B8FC0E2846BF300059283C = {
			isa = PBXGroup;
			children = (
				64B8FC192846BF300059283C /* Compras */,
				64B8FC182846BF300059283C /* Products */,
			);
			sourceTree = "<group>";
		};
		64B8FC182846BF300059283C /* Products */ = {
			isa = PBXGroup;
			children = (
				64B8FC172846BF300059283C /* Compras.app */,
			);
			name = Products;
			sourceTree = "<group>";
		};
		64B8FC192846BF300059283C /* Compras */ = {
			isa = PBXGroup;
			children = (
				64B8FC1A2846BF300059283C /* AppDelegate.swift */,
				64B8FC1C2846BF300059283C /* SceneDelegate.swift */,
				64B8FC1E2846BF300059283C /* ShoppingViewController.swift */,
				64B8FC2E2846EFA50059283C /* SettingsViewController.swift */,
				64B8FC302846EFBA0059283C /* TaxesViewController.swift */,
				649EAA7E2852BCE6002353AA /* TaxesCalculator.swift */,
				649EAA802852BF45002353AA /* UIViewController+TaxesCalculator.swift */,
				64B8FC202846BF300059283C /* Main.storyboard */,
				64B8FC232846BF320059283C /* Assets.xcassets */,
				64B8FC252846BF320059283C /* LaunchScreen.storyboard */,
				64B8FC282846BF320059283C /* Info.plist */,
			);
			path = Compras;
			sourceTree = "<group>";
		};
/* End PBXGroup section */

/* Begin PBXNativeTarget section */
		64B8FC162846BF300059283C /* Compras */ = {
			isa = PBXNativeTarget;
			buildConfigurationList = 64B8FC2B2846BF320059283C /* Build configuration list for PBXNativeTarget "Compras" */;
			buildPhases = (
				64B8FC132846BF300059283C /* Sources */,
				64B8FC142846BF300059283C /* Frameworks */,
				64B8FC152846BF300059283C /* Resources */,
			);
			buildRules = (
			);
			dependencies = (
			);
			name = Compras;
			productName = Compras;
			productReference = 64B8FC172846BF300059283C /* Compras.app */;
			productType = "com.apple.product-type.application";
		};
/* End PBXNativeTarget section */

/* Begin PBXProject section */
		64B8FC0F2846BF300059283C /* Project object */ = {
			isa = PBXProject;
			attributes = {
				BuildIndependentTargetsInParallel = 1;
				LastSwiftUpdateCheck = 1340;
				LastUpgradeCheck = 1340;
				TargetAttributes = {
					64B8FC162846BF300059283C = {
						CreatedOnToolsVersion = 13.4;
					};
				};
			};
			buildConfigurationList = 64B8FC122846BF300059283C /* Build configuration list for PBXProject "Compras" */;
			compatibilityVersion = "Xcode 13.0";
			developmentRegion = en;
			hasScannedForEncodings = 0;
			knownRegions = (
				en,
				Base,
			);
			mainGroup = 64B8FC0E2846BF300059283C;
			productRefGroup = 64B8FC182846BF300059283C /* Products */;
			projectDirPath = "";
			projectRoot = "";
			targets = (
				64B8FC162846BF300059283C /* Compras */,
			);
		};
/* End PBXProject section */

/* Begin PBXResourcesBuildPhase section */
		64B8FC152846BF300059283C /* Resources */ = {
			isa = PBXResourcesBuildPhase;
			buildActionMask = 2147483647;
			files = (
				64B8FC272846BF320059283C /* LaunchScreen.storyboard in Resources */,
				64B8FC242846BF320059283C /* Assets.xcassets in Resources */,
				64B8FC222846BF300059283C /* Main.storyboard in Resources */,
			);
			runOnlyForDeploymentPostprocessing = 0;
		};
/* End PBXResourcesBuildPhase section */

/* Begin PBXSourcesBuildPhase section */
		64B8FC132846BF300059283C /* Sources */ = {
			isa = PBXSourcesBuildPhase;
			buildActionMask = 2147483647;
			files = (
				64B8FC1F2846BF300059283C /* ShoppingViewController.swift in Sources */,
				64B8FC1B2846BF300059283C /* AppDelegate.swift in Sources */,
				64B8FC312846EFBA0059283C /* TaxesViewController.swift in Sources */,
				649EAA7F2852BCE6002353AA /* TaxesCalculator.swift in Sources */,
				649EAA812852BF45002353AA /* UIViewController+TaxesCalculator.swift in Sources */,
				64B8FC1D2846BF300059283C /* SceneDelegate.swift in Sources */,
				64B8FC2F2846EFA50059283C /* SettingsViewController.swift in Sources */,
			);
			runOnlyForDeploymentPostprocessing = 0;
		};
/* End PBXSourcesBuildPhase section */

/* Begin PBXVariantGroup section */
		64B8FC202846BF300059283C /* Main.storyboard */ = {
			isa = PBXVariantGroup;
			children = (
				64B8FC212846BF300059283C /* Base */,
			);
			name = Main.storyboard;
			sourceTree = "<group>";
		};
		64B8FC252846BF320059283C /* LaunchScreen.storyboard */ = {
			isa = PBXVariantGroup;
			children = (
				64B8FC262846BF320059283C /* Base */,
			);
			name = LaunchScreen.storyboard;
			sourceTree = "<group>";
		};
/* End PBXVariantGroup section */

/* Begin XCBuildConfiguration section */
		64B8FC292846BF320059283C /* Debug */ = {
			isa = XCBuildConfiguration;
			buildSettings = {
				ALWAYS_SEARCH_USER_PATHS = NO;
				CLANG_ANALYZER_NONNULL = YES;
				CLANG_ANALYZER_NUMBER_OBJECT_CONVERSION = YES_AGGRESSIVE;
				CLANG_CXX_LANGUAGE_STANDARD = "gnu++17";
				CLANG_ENABLE_MODULES = YES;
				CLANG_ENABLE_OBJC_ARC = YES;
				CLANG_ENABLE_OBJC_WEAK = YES;
				CLANG_WARN_BLOCK_CAPTURE_AUTORELEASING = YES;
				CLANG_WARN_BOOL_CONVERSION = YES;
				CLANG_WARN_COMMA = YES;
				CLANG_WARN_CONSTANT_CONVERSION = YES;
				CLANG_WARN_DEPRECATED_OBJC_IMPLEMENTATIONS = YES;
				CLANG_WARN_DIRECT_OBJC_ISA_USAGE = YES_ERROR;
				CLANG_WARN_DOCUMENTATION_COMMENTS = YES;
				CLANG_WARN_EMPTY_BODY = YES;
				CLANG_WARN_ENUM_CONVERSION = YES;
				CLANG_WARN_INFINITE_RECURSION = YES;
				CLANG_WARN_INT_CONVERSION = YES;
				CLANG_WARN_NON_LITERAL_NULL_CONVERSION = YES;
				CLANG_WARN_OBJC_IMPLICIT_RETAIN_SELF = YES;
				CLANG_WARN_OBJC_LITERAL_CONVERSION = YES;
				CLANG_WARN_OBJC_ROOT_CLASS = YES_ERROR;
				CLANG_WARN_QUOTED_INCLUDE_IN_FRAMEWORK_HEADER = YES;
				CLANG_WARN_RANGE_LOOP_ANALYSIS = YES;
				CLANG_WARN_STRICT_PROTOTYPES = YES;
				CLANG_WARN_SUSPICIOUS_MOVE = YES;
				CLANG_WARN_UNGUARDED_AVAILABILITY = YES_AGGRESSIVE;
				CLANG_WARN_UNREACHABLE_CODE = YES;
				CLANG_WARN__DUPLICATE_METHOD_MATCH = YES;
				COPY_PHASE_STRIP = NO;
				DEBUG_INFORMATION_FORMAT = dwarf;
				ENABLE_STRICT_OBJC_MSGSEND = YES;
				ENABLE_TESTABILITY = YES;
				GCC_C_LANGUAGE_STANDARD = gnu11;
				GCC_DYNAMIC_NO_PIC = NO;
				GCC_NO_COMMON_BLOCKS = YES;
				GCC_OPTIMIZATION_LEVEL = 0;
				GCC_PREPROCESSOR_DEFINITIONS = (
					"DEBUG=1",
					"$(inherited)",
				);
				GCC_WARN_64_TO_32_BIT_CONVERSION = YES;
				GCC_WARN_ABOUT_RETURN_TYPE = YES_ERROR;
				GCC_WARN_UNDECLARED_SELECTOR = YES;
				GCC_WARN_UNINITIALIZED_AUTOS = YES_AGGRESSIVE;
				GCC_WARN_UNUSED_FUNCTION = YES;
				GCC_WARN_UNUSED_VARIABLE = YES;
				IPHONEOS_DEPLOYMENT_TARGET = 15.5;
				MTL_ENABLE_DEBUG_INFO = INCLUDE_SOURCE;
				MTL_FAST_MATH = YES;
				ONLY_ACTIVE_ARCH = YES;
				SDKROOT = iphoneos;
				SWIFT_ACTIVE_COMPILATION_CONDITIONS = DEBUG;
				SWIFT_OPTIMIZATION_LEVEL = "-Onone";
			};
			name = Debug;
		};
		64B8FC2A2846BF320059283C /* Release */ = {
			isa = XCBuildConfiguration;
			buildSettings = {
				ALWAYS_SEARCH_USER_PATHS = NO;
				CLANG_ANALYZER_NONNULL = YES;
				CLANG_ANALYZER_NUMBER_OBJECT_CONVERSION = YES_AGGRESSIVE;
				CLANG_CXX_LANGUAGE_STANDARD = "gnu++17";
				CLANG_ENABLE_MODULES = YES;
				CLANG_ENABLE_OBJC_ARC = YES;
				CLANG_ENABLE_OBJC_WEAK = YES;
				CLANG_WARN_BLOCK_CAPTURE_AUTORELEASING = YES;
				CLANG_WARN_BOOL_CONVERSION = YES;
				CLANG_WARN_COMMA = YES;
				CLANG_WARN_CONSTANT_CONVERSION = YES;
				CLANG_WARN_DEPRECATED_OBJC_IMPLEMENTATIONS = YES;
				CLANG_WARN_DIRECT_OBJC_ISA_USAGE = YES_ERROR;
				CLANG_WARN_DOCUMENTATION_COMMENTS = YES;
				CLANG_WARN_EMPTY_BODY = YES;
				CLANG_WARN_ENUM_CONVERSION = YES;
				CLANG_WARN_INFINITE_RECURSION = YES;
				CLANG_WARN_INT_CONVERSION = YES;
				CLANG_WARN_NON_LITERAL_NULL_CONVERSION = YES;
				CLANG_WARN_OBJC_IMPLICIT_RETAIN_SELF = YES;
				CLANG_WARN_OBJC_LITERAL_CONVERSION = YES;
				CLANG_WARN_OBJC_ROOT_CLASS = YES_ERROR;
				CLANG_WARN_QUOTED_INCLUDE_IN_FRAMEWORK_HEADER = YES;
				CLANG_WARN_RANGE_LOOP_ANALYSIS = YES;
				CLANG_WARN_STRICT_PROTOTYPES = YES;
				CLANG_WARN_SUSPICIOUS_MOVE = YES;
				CLANG_WARN_UNGUARDED_AVAILABILITY = YES_AGGRESSIVE;
				CLANG_WARN_UNREACHABLE_CODE = YES;
				CLANG_WARN__DUPLICATE_METHOD_MATCH = YES;
				COPY_PHASE_STRIP = NO;
				DEBUG_INFORMATION_FORMAT = "dwarf-with-dsym";
				ENABLE_NS_ASSERTIONS = NO;
				ENABLE_STRICT_OBJC_MSGSEND = YES;
				GCC_C_LANGUAGE_STANDARD = gnu11;
				GCC_NO_COMMON_BLOCKS = YES;
				GCC_WARN_64_TO_32_BIT_CONVERSION = YES;
				GCC_WARN_ABOUT_RETURN_TYPE = YES_ERROR;
				GCC_WARN_UNDECLARED_SELECTOR = YES;
				GCC_WARN_UNINITIALIZED_AUTOS = YES_AGGRESSIVE;
				GCC_WARN_UNUSED_FUNCTION = YES;
				GCC_WARN_UNUSED_VARIABLE = YES;
				IPHONEOS_DEPLOYMENT_TARGET = 15.5;
				MTL_ENABLE_DEBUG_INFO = NO;
				MTL_FAST_MATH = YES;
				SDKROOT = iphoneos;
				SWIFT_COMPILATION_MODE = wholemodule;
				SWIFT_OPTIMIZATION_LEVEL = "-O";
				VALIDATE_PRODUCT = YES;
			};
			name = Release;
		};
		64B8FC2C2846BF320059283C /* Debug */ = {
			isa = XCBuildConfiguration;
			buildSettings = {
				ASSETCATALOG_COMPILER_APPICON_NAME = AppIcon;
				ASSETCATALOG_COMPILER_GLOBAL_ACCENT_COLOR_NAME = AccentColor;
				CODE_SIGN_STYLE = Automatic;
				CURRENT_PROJECT_VERSION = 1;
				GENERATE_INFOPLIST_FILE = YES;
				INFOPLIST_FILE = Compras/Info.plist;
				INFOPLIST_KEY_UIApplicationSupportsIndirectInputEvents = YES;
				INFOPLIST_KEY_UILaunchStoryboardName = LaunchScreen;
				INFOPLIST_KEY_UIMainStoryboardFile = Main;
				INFOPLIST_KEY_UISupportedInterfaceOrientations = UIInterfaceOrientationPortrait;
				INFOPLIST_KEY_UISupportedInterfaceOrientations_iPad = "UIInterfaceOrientationPortrait UIInterfaceOrientationPortraitUpsideDown UIInterfaceOrientationLandscapeLeft UIInterfaceOrientationLandscapeRight";
				INFOPLIST_KEY_UISupportedInterfaceOrientations_iPhone = "UIInterfaceOrientationPortrait UIInterfaceOrientationLandscapeLeft UIInterfaceOrientationLandscapeRight";
				LD_RUNPATH_SEARCH_PATHS = (
					"$(inherited)",
					"@executable_path/Frameworks",
				);
				MARKETING_VERSION = 1.0;
				PRODUCT_BUNDLE_IDENTIFIER = com.raphael.Compras;
				PRODUCT_NAME = "$(TARGET_NAME)";
				SWIFT_EMIT_LOC_STRINGS = YES;
				SWIFT_VERSION = 5.0;
				TARGETED_DEVICE_FAMILY = 1;
			};
			name = Debug;
		};
		64B8FC2D2846BF320059283C /* Release */ = {
			isa = XCBuildConfiguration;
			buildSettings = {
				ASSETCATALOG_COMPILER_APPICON_NAME = AppIcon;
				ASSETCATALOG_COMPILER_GLOBAL_ACCENT_COLOR_NAME = AccentColor;
				CODE_SIGN_STYLE = Automatic;
				CURRENT_PROJECT_VERSION = 1;
				GENERATE_INFOPLIST_FILE = YES;
				INFOPLIST_FILE = Compras/Info.plist;
				INFOPLIST_KEY_UIApplicationSupportsIndirectInputEvents = YES;
				INFOPLIST_KEY_UILaunchStoryboardName = LaunchScreen;
				INFOPLIST_KEY_UIMainStoryboardFile = Main;
				INFOPLIST_KEY_UISupportedInterfaceOrientations = UIInterfaceOrientationPortrait;
				INFOPLIST_KEY_UISupportedInterfaceOrientations_iPad = "UIInterfaceOrientationPortrait UIInterfaceOrientationPortraitUpsideDown UIInterfaceOrientationLandscapeLeft UIInterfaceOrientationLandscapeRight";
				INFOPLIST_KEY_UISupportedInterfaceOrientations_iPhone = "UIInterfaceOrientationPortrait UIInterfaceOrientationLandscapeLeft UIInterfaceOrientationLandscapeRight";
				LD_RUNPATH_SEARCH_PATHS = (
					"$(inherited)",
					"@executable_path/Frameworks",
				);
				MARKETING_VERSION = 1.0;
				PRODUCT_BUNDLE_IDENTIFIER = com.raphael.Compras;
				PRODUCT_NAME = "$(TARGET_NAME)";
				SWIFT_EMIT_LOC_STRINGS = YES;
				SWIFT_VERSION = 5.0;
				TARGETED_DEVICE_FAMILY = 1;
			};
			name = Release;
		};
/* End XCBuildConfiguration section */

/* Begin XCConfigurationList section */
		64B8FC122846BF300059283C /* Build configuration list for PBXProject "Compras" */ = {
			isa = XCConfigurationList;
			buildConfigurations = (
				64B8FC292846BF320059283C /* Debug */,
				64B8FC2A2846BF320059283C /* Release */,
			);
			defaultConfigurationIsVisible = 0;
			defaultConfigurationName = Release;
		};
		64B8FC2B2846BF320059283C /* Build configuration list for PBXNativeTarget "Compras" */ = {
			isa = XCConfigurationList;
			buildConfigurations = (
				64B8FC2C2846BF320059283C /* Debug */,
				64B8FC2D2846BF320059283C /* Release */,
			);
			defaultConfigurationIsVisible = 0;
			defaultConfigurationName = Release;
		};
/* End XCConfigurationList section */
	};
	rootObject = 64B8FC0F2846BF300059283C /* Project object */;
}
